// !$*UTF8*$!
{
	archiveVersion = 1;
	classes = {
	};
	objectVersion = 50;
	objects = {

/* Begin PBXBuildFile section */
		11182E4423B29543009B9F6C /* AnimalsContainerView+ScrollDelegate.swift in Sources */ = {isa = PBXBuildFile; fileRef = 11182E4323B29543009B9F6C /* AnimalsContainerView+ScrollDelegate.swift */; };
		11182E4623B2D10C009B9F6C /* AnimalsViewController+Observers.swift in Sources */ = {isa = PBXBuildFile; fileRef = 11182E4523B2D10C009B9F6C /* AnimalsViewController+Observers.swift */; };
		11182E4923B2D8C2009B9F6C /* LikesCell+Setter.swift in Sources */ = {isa = PBXBuildFile; fileRef = 11182E4823B2D8C2009B9F6C /* LikesCell+Setter.swift */; };
		11182E4B23B2D8FF009B9F6C /* AsyncImageView+Setter.swift in Sources */ = {isa = PBXBuildFile; fileRef = 11182E4A23B2D8FF009B9F6C /* AsyncImageView+Setter.swift */; };
		11182E4F23B2DCDC009B9F6C /* AnimalsViewCell+Actions.swift in Sources */ = {isa = PBXBuildFile; fileRef = 11182E4E23B2DCDC009B9F6C /* AnimalsViewCell+Actions.swift */; };
		115C437C23B7A240003F2D8A /* TestData.swift in Sources */ = {isa = PBXBuildFile; fileRef = 115C437B23B7A240003F2D8A /* TestData.swift */; };
		115C438023B7BE6B003F2D8A /* Router.swift in Sources */ = {isa = PBXBuildFile; fileRef = 115C437F23B7BE6B003F2D8A /* Router.swift */; };
		115C438223B7C3AA003F2D8A /* Router+Transition.swift in Sources */ = {isa = PBXBuildFile; fileRef = 115C438123B7C3AA003F2D8A /* Router+Transition.swift */; };
		115C438423B7D15E003F2D8A /* DetailsViewController+Actions.swift in Sources */ = {isa = PBXBuildFile; fileRef = 115C438323B7D15E003F2D8A /* DetailsViewController+Actions.swift */; };
		115C438623B7D1DC003F2D8A /* DetailsViewController+Functions.swift in Sources */ = {isa = PBXBuildFile; fileRef = 115C438523B7D1DC003F2D8A /* DetailsViewController+Functions.swift */; };
		115DF02F23B0E49B0025FDD0 /* DataContainer.swift in Sources */ = {isa = PBXBuildFile; fileRef = 115DF02E23B0E49B0025FDD0 /* DataContainer.swift */; };
		115DF03523B0E8BF0025FDD0 /* AnimalObject.swift in Sources */ = {isa = PBXBuildFile; fileRef = 115DF03423B0E8BF0025FDD0 /* AnimalObject.swift */; };
		115DF03723B0ED7F0025FDD0 /* Enums.swift in Sources */ = {isa = PBXBuildFile; fileRef = 115DF03623B0ED7F0025FDD0 /* Enums.swift */; };
		115DF03B23B100C80025FDD0 /* TopTableCell+Setter.swift in Sources */ = {isa = PBXBuildFile; fileRef = 115DF03A23B100C80025FDD0 /* TopTableCell+Setter.swift */; };
		115DF03E23B108DE0025FDD0 /* AnimalsViewCell+Setter.swift in Sources */ = {isa = PBXBuildFile; fileRef = 115DF03D23B108DE0025FDD0 /* AnimalsViewCell+Setter.swift */; };
		116F783723BA4A9900971AEA /* LikeDetailsView.swift in Sources */ = {isa = PBXBuildFile; fileRef = 116F783623BA4A9900971AEA /* LikeDetailsView.swift */; };
		117F4AF623B8D707003248C7 /* UIView+Anchors.swift in Sources */ = {isa = PBXBuildFile; fileRef = 117F4AF523B8D707003248C7 /* UIView+Anchors.swift */; };
		117F4B0023B97737003248C7 /* RequestBuilder.swift in Sources */ = {isa = PBXBuildFile; fileRef = 117F4AFF23B97737003248C7 /* RequestBuilder.swift */; };
		117F4B0223B97BC4003248C7 /* DetailsViewController+NavigationDelegate.swift in Sources */ = {isa = PBXBuildFile; fileRef = 117F4B0123B97BC4003248C7 /* DetailsViewController+NavigationDelegate.swift */; };
		11866AE323B646370090424B /* DetailsViewController.swift in Sources */ = {isa = PBXBuildFile; fileRef = 11866AE223B646370090424B /* DetailsViewController.swift */; };
		11866AE823B646750090424B /* Details.storyboard in Resources */ = {isa = PBXBuildFile; fileRef = 11866AE723B646750090424B /* Details.storyboard */; };
		1188954F23BBB23300D1BC32 /* UIView+HighlightZoom.swift in Sources */ = {isa = PBXBuildFile; fileRef = 1188954E23BBB23300D1BC32 /* UIView+HighlightZoom.swift */; };
		1188955323BBFC5700D1BC32 /* SizeMaker.swift in Sources */ = {isa = PBXBuildFile; fileRef = 1188955223BBFC5700D1BC32 /* SizeMaker.swift */; };
		1188955723BC3A9E00D1BC32 /* IndexGetter.swift in Sources */ = {isa = PBXBuildFile; fileRef = 1188955623BC3A9E00D1BC32 /* IndexGetter.swift */; };
		1188955923BC40F100D1BC32 /* AnimalsContainerView+CellMaker.swift in Sources */ = {isa = PBXBuildFile; fileRef = 1188955823BC40F100D1BC32 /* AnimalsContainerView+CellMaker.swift */; };
		1188955C23BC44B000D1BC32 /* AnimalsContainerView+Handlers.swift in Sources */ = {isa = PBXBuildFile; fileRef = 1188955B23BC44B000D1BC32 /* AnimalsContainerView+Handlers.swift */; };
		1188955E23BC451C00D1BC32 /* UIView+Fade.swift in Sources */ = {isa = PBXBuildFile; fileRef = 1188955D23BC451C00D1BC32 /* UIView+Fade.swift */; };
		1188956023BC494200D1BC32 /* AnimalsViewController+Setters.swift in Sources */ = {isa = PBXBuildFile; fileRef = 1188955F23BC494200D1BC32 /* AnimalsViewController+Setters.swift */; };
		1188956223BC4B3600D1BC32 /* AnimalsViewController+UIMakers.swift in Sources */ = {isa = PBXBuildFile; fileRef = 1188956123BC4B3600D1BC32 /* AnimalsViewController+UIMakers.swift */; };
		1188956523BC4BB300D1BC32 /* UITableViewCell+EmptyCell.swift in Sources */ = {isa = PBXBuildFile; fileRef = 1188956423BC4BB300D1BC32 /* UITableViewCell+EmptyCell.swift */; };
		1188956723BC4C6200D1BC32 /* AnimalsViewController+ScrollHandlers.swift in Sources */ = {isa = PBXBuildFile; fileRef = 1188956623BC4C6200D1BC32 /* AnimalsViewController+ScrollHandlers.swift */; };
		1195B68523AFF9FD00E5285F /* AnimatedAnimalsTests.swift in Sources */ = {isa = PBXBuildFile; fileRef = 1195B68423AFF9FD00E5285F /* AnimatedAnimalsTests.swift */; };
		1195B69823B01B0300E5285F /* AppDelegate.swift in Sources */ = {isa = PBXBuildFile; fileRef = 1195B69623B01B0300E5285F /* AppDelegate.swift */; };
		1195B69923B01B0300E5285F /* SceneDelegate.swift in Sources */ = {isa = PBXBuildFile; fileRef = 1195B69723B01B0300E5285F /* SceneDelegate.swift */; };
		1195B69D23B01BB800E5285F /* Constants.swift in Sources */ = {isa = PBXBuildFile; fileRef = 1195B69C23B01BB800E5285F /* Constants.swift */; };
		1195B6A123B021FB00E5285F /* Assets.xcassets in Resources */ = {isa = PBXBuildFile; fileRef = 1195B69F23B021FB00E5285F /* Assets.xcassets */; };
		1195B6A623B0220600E5285F /* LaunchScreen.storyboard in Resources */ = {isa = PBXBuildFile; fileRef = 1195B6A223B0220600E5285F /* LaunchScreen.storyboard */; };
		1195B6AD23B0235F00E5285F /* Animals.storyboard in Resources */ = {isa = PBXBuildFile; fileRef = 1195B6AC23B0235F00E5285F /* Animals.storyboard */; };
		1195B6AF23B023A200E5285F /* AnimalsViewController.swift in Sources */ = {isa = PBXBuildFile; fileRef = 1195B6AE23B023A200E5285F /* AnimalsViewController.swift */; };
		1195B6B723B02AFD00E5285F /* AnimalsViewController+Functions.swift in Sources */ = {isa = PBXBuildFile; fileRef = 1195B6B623B02AFD00E5285F /* AnimalsViewController+Functions.swift */; };
		1195B6BA23B02CE600E5285F /* AnimalsViewCell.swift in Sources */ = {isa = PBXBuildFile; fileRef = 1195B6B923B02CE600E5285F /* AnimalsViewCell.swift */; };
		1195B6BE23B02D3B00E5285F /* AsyncImageView.swift in Sources */ = {isa = PBXBuildFile; fileRef = 1195B6BD23B02D3B00E5285F /* AsyncImageView.swift */; };
		1195B6C023B02DFF00E5285F /* AnimalsTableCell+TableDataSource.swift in Sources */ = {isa = PBXBuildFile; fileRef = 1195B6BF23B02DFF00E5285F /* AnimalsTableCell+TableDataSource.swift */; };
		1195B6C323B030A500E5285F /* TopTableCell.swift in Sources */ = {isa = PBXBuildFile; fileRef = 1195B6C223B030A500E5285F /* TopTableCell.swift */; };
		1195B6CC23B033A600E5285F /* LikesCell.swift in Sources */ = {isa = PBXBuildFile; fileRef = 1195B6CB23B033A600E5285F /* LikesCell.swift */; };
		11B4AC2023B5704E00B71A93 /* LikesView.swift in Sources */ = {isa = PBXBuildFile; fileRef = 11B4AC1F23B5704E00B71A93 /* LikesView.swift */; };
		11B4AC2323B570BF00B71A93 /* LikesView+Setter.swift in Sources */ = {isa = PBXBuildFile; fileRef = 11B4AC2223B570BF00B71A93 /* LikesView+Setter.swift */; };
		11B4AC2523B5716200B71A93 /* LikesView+Functions.swift in Sources */ = {isa = PBXBuildFile; fileRef = 11B4AC2423B5716200B71A93 /* LikesView+Functions.swift */; };
		11B4AC2723B5719800B71A93 /* LikesView+Table.swift in Sources */ = {isa = PBXBuildFile; fileRef = 11B4AC2623B5719800B71A93 /* LikesView+Table.swift */; };
		11CF0B5823B385900000232F /* AnimalsViewController+ScrollDelegate.swift in Sources */ = {isa = PBXBuildFile; fileRef = 11CF0B5723B385900000232F /* AnimalsViewController+ScrollDelegate.swift */; };
		11E2DED623BAA4CC00FBCBBF /* LikeDetailsView+Setter.swift in Sources */ = {isa = PBXBuildFile; fileRef = 11E2DED523BAA4CC00FBCBBF /* LikeDetailsView+Setter.swift */; };
		11E2DED823BAB93100FBCBBF /* AnimalsTableCell+TableDelegate.swift in Sources */ = {isa = PBXBuildFile; fileRef = 11E2DED723BAB93100FBCBBF /* AnimalsTableCell+TableDelegate.swift */; };
		11E2DEDA23BAD5E800FBCBBF /* LikeDetailsView+Handlers.swift in Sources */ = {isa = PBXBuildFile; fileRef = 11E2DED923BAD5E800FBCBBF /* LikeDetailsView+Handlers.swift */; };
		11E2DEDC23BADAB900FBCBBF /* UIView+Shadow.swift in Sources */ = {isa = PBXBuildFile; fileRef = 11E2DEDB23BADAB900FBCBBF /* UIView+Shadow.swift */; };
		11F27ED923B18451001416B9 /* UIView+Corners.swift in Sources */ = {isa = PBXBuildFile; fileRef = 11F27ED823B18451001416B9 /* UIView+Corners.swift */; };
		11F27EDC23B1959F001416B9 /* AnimalsContainerView.swift in Sources */ = {isa = PBXBuildFile; fileRef = 11F27EDB23B1959F001416B9 /* AnimalsContainerView.swift */; };
		11F27EE123B1970D001416B9 /* AnimalsContainerView+FlowLayout.swift in Sources */ = {isa = PBXBuildFile; fileRef = 11F27EDE23B1970C001416B9 /* AnimalsContainerView+FlowLayout.swift */; };
		11F27EE223B1970D001416B9 /* AnimalsContainerView+Setters.swift in Sources */ = {isa = PBXBuildFile; fileRef = 11F27EDF23B1970C001416B9 /* AnimalsContainerView+Setters.swift */; };
		11F27EE323B1970D001416B9 /* AnimalsContainerView+CollectionDelegate.swift in Sources */ = {isa = PBXBuildFile; fileRef = 11F27EE023B1970D001416B9 /* AnimalsContainerView+CollectionDelegate.swift */; };
/* End PBXBuildFile section */

/* Begin PBXContainerItemProxy section */
		1195B68123AFF9FD00E5285F /* PBXContainerItemProxy */ = {
			isa = PBXContainerItemProxy;
			containerPortal = 1195B66223AFF9F800E5285F /* Project object */;
			proxyType = 1;
			remoteGlobalIDString = 1195B66923AFF9F800E5285F;
			remoteInfo = AnimatedAnimals;
		};
/* End PBXContainerItemProxy section */

/* Begin PBXFileReference section */
		11182E4323B29543009B9F6C /* AnimalsContainerView+ScrollDelegate.swift */ = {isa = PBXFileReference; lastKnownFileType = sourcecode.swift; path = "AnimalsContainerView+ScrollDelegate.swift"; sourceTree = "<group>"; };
		11182E4523B2D10C009B9F6C /* AnimalsViewController+Observers.swift */ = {isa = PBXFileReference; lastKnownFileType = sourcecode.swift; path = "AnimalsViewController+Observers.swift"; sourceTree = "<group>"; };
		11182E4823B2D8C2009B9F6C /* LikesCell+Setter.swift */ = {isa = PBXFileReference; lastKnownFileType = sourcecode.swift; path = "LikesCell+Setter.swift"; sourceTree = "<group>"; };
		11182E4A23B2D8FF009B9F6C /* AsyncImageView+Setter.swift */ = {isa = PBXFileReference; lastKnownFileType = sourcecode.swift; path = "AsyncImageView+Setter.swift"; sourceTree = "<group>"; };
		11182E4E23B2DCDC009B9F6C /* AnimalsViewCell+Actions.swift */ = {isa = PBXFileReference; lastKnownFileType = sourcecode.swift; path = "AnimalsViewCell+Actions.swift"; sourceTree = "<group>"; };
		115C437B23B7A240003F2D8A /* TestData.swift */ = {isa = PBXFileReference; lastKnownFileType = sourcecode.swift; path = TestData.swift; sourceTree = "<group>"; };
		115C437F23B7BE6B003F2D8A /* Router.swift */ = {isa = PBXFileReference; lastKnownFileType = sourcecode.swift; path = Router.swift; sourceTree = "<group>"; };
		115C438123B7C3AA003F2D8A /* Router+Transition.swift */ = {isa = PBXFileReference; lastKnownFileType = sourcecode.swift; path = "Router+Transition.swift"; sourceTree = "<group>"; };
		115C438323B7D15E003F2D8A /* DetailsViewController+Actions.swift */ = {isa = PBXFileReference; lastKnownFileType = sourcecode.swift; path = "DetailsViewController+Actions.swift"; sourceTree = "<group>"; };
		115C438523B7D1DC003F2D8A /* DetailsViewController+Functions.swift */ = {isa = PBXFileReference; lastKnownFileType = sourcecode.swift; path = "DetailsViewController+Functions.swift"; sourceTree = "<group>"; };
		115DF02E23B0E49B0025FDD0 /* DataContainer.swift */ = {isa = PBXFileReference; lastKnownFileType = sourcecode.swift; path = DataContainer.swift; sourceTree = "<group>"; };
		115DF03423B0E8BF0025FDD0 /* AnimalObject.swift */ = {isa = PBXFileReference; lastKnownFileType = sourcecode.swift; path = AnimalObject.swift; sourceTree = "<group>"; };
		115DF03623B0ED7F0025FDD0 /* Enums.swift */ = {isa = PBXFileReference; lastKnownFileType = sourcecode.swift; path = Enums.swift; sourceTree = "<group>"; };
		115DF03A23B100C80025FDD0 /* TopTableCell+Setter.swift */ = {isa = PBXFileReference; lastKnownFileType = sourcecode.swift; path = "TopTableCell+Setter.swift"; sourceTree = "<group>"; };
		115DF03D23B108DE0025FDD0 /* AnimalsViewCell+Setter.swift */ = {isa = PBXFileReference; lastKnownFileType = sourcecode.swift; path = "AnimalsViewCell+Setter.swift"; sourceTree = "<group>"; };
		116F783623BA4A9900971AEA /* LikeDetailsView.swift */ = {isa = PBXFileReference; lastKnownFileType = sourcecode.swift; path = LikeDetailsView.swift; sourceTree = "<group>"; };
		117F4AF523B8D707003248C7 /* UIView+Anchors.swift */ = {isa = PBXFileReference; lastKnownFileType = sourcecode.swift; path = "UIView+Anchors.swift"; sourceTree = "<group>"; };
		117F4AFF23B97737003248C7 /* RequestBuilder.swift */ = {isa = PBXFileReference; lastKnownFileType = sourcecode.swift; path = RequestBuilder.swift; sourceTree = "<group>"; };
		117F4B0123B97BC4003248C7 /* DetailsViewController+NavigationDelegate.swift */ = {isa = PBXFileReference; lastKnownFileType = sourcecode.swift; path = "DetailsViewController+NavigationDelegate.swift"; sourceTree = "<group>"; };
		11866AE223B646370090424B /* DetailsViewController.swift */ = {isa = PBXFileReference; lastKnownFileType = sourcecode.swift; path = DetailsViewController.swift; sourceTree = "<group>"; };
		11866AE723B646750090424B /* Details.storyboard */ = {isa = PBXFileReference; lastKnownFileType = file.storyboard; path = Details.storyboard; sourceTree = "<group>"; };
		1188954E23BBB23300D1BC32 /* UIView+HighlightZoom.swift */ = {isa = PBXFileReference; lastKnownFileType = sourcecode.swift; path = "UIView+HighlightZoom.swift"; sourceTree = "<group>"; };
		1188955223BBFC5700D1BC32 /* SizeMaker.swift */ = {isa = PBXFileReference; lastKnownFileType = sourcecode.swift; path = SizeMaker.swift; sourceTree = "<group>"; };
		1188955623BC3A9E00D1BC32 /* IndexGetter.swift */ = {isa = PBXFileReference; lastKnownFileType = sourcecode.swift; path = IndexGetter.swift; sourceTree = "<group>"; };
		1188955823BC40F100D1BC32 /* AnimalsContainerView+CellMaker.swift */ = {isa = PBXFileReference; lastKnownFileType = sourcecode.swift; path = "AnimalsContainerView+CellMaker.swift"; sourceTree = "<group>"; };
		1188955B23BC44B000D1BC32 /* AnimalsContainerView+Handlers.swift */ = {isa = PBXFileReference; lastKnownFileType = sourcecode.swift; path = "AnimalsContainerView+Handlers.swift"; sourceTree = "<group>"; };
		1188955D23BC451C00D1BC32 /* UIView+Fade.swift */ = {isa = PBXFileReference; lastKnownFileType = sourcecode.swift; path = "UIView+Fade.swift"; sourceTree = "<group>"; };
		1188955F23BC494200D1BC32 /* AnimalsViewController+Setters.swift */ = {isa = PBXFileReference; lastKnownFileType = sourcecode.swift; path = "AnimalsViewController+Setters.swift"; sourceTree = "<group>"; };
		1188956123BC4B3600D1BC32 /* AnimalsViewController+UIMakers.swift */ = {isa = PBXFileReference; lastKnownFileType = sourcecode.swift; path = "AnimalsViewController+UIMakers.swift"; sourceTree = "<group>"; };
		1188956423BC4BB300D1BC32 /* UITableViewCell+EmptyCell.swift */ = {isa = PBXFileReference; lastKnownFileType = sourcecode.swift; path = "UITableViewCell+EmptyCell.swift"; sourceTree = "<group>"; };
		1188956623BC4C6200D1BC32 /* AnimalsViewController+ScrollHandlers.swift */ = {isa = PBXFileReference; lastKnownFileType = sourcecode.swift; path = "AnimalsViewController+ScrollHandlers.swift"; sourceTree = "<group>"; };
		1195B66A23AFF9F800E5285F /* AnimatedAnimals.app */ = {isa = PBXFileReference; explicitFileType = wrapper.application; includeInIndex = 0; path = AnimatedAnimals.app; sourceTree = BUILT_PRODUCTS_DIR; };
		1195B68023AFF9FD00E5285F /* AnimatedAnimalsTests.xctest */ = {isa = PBXFileReference; explicitFileType = wrapper.cfbundle; includeInIndex = 0; path = AnimatedAnimalsTests.xctest; sourceTree = BUILT_PRODUCTS_DIR; };
		1195B68423AFF9FD00E5285F /* AnimatedAnimalsTests.swift */ = {isa = PBXFileReference; lastKnownFileType = sourcecode.swift; path = AnimatedAnimalsTests.swift; sourceTree = "<group>"; };
		1195B68623AFF9FD00E5285F /* Info.plist */ = {isa = PBXFileReference; lastKnownFileType = text.plist.xml; path = Info.plist; sourceTree = "<group>"; };
		1195B69623B01B0300E5285F /* AppDelegate.swift */ = {isa = PBXFileReference; fileEncoding = 4; lastKnownFileType = sourcecode.swift; path = AppDelegate.swift; sourceTree = "<group>"; };
		1195B69723B01B0300E5285F /* SceneDelegate.swift */ = {isa = PBXFileReference; fileEncoding = 4; lastKnownFileType = sourcecode.swift; path = SceneDelegate.swift; sourceTree = "<group>"; };
		1195B69C23B01BB800E5285F /* Constants.swift */ = {isa = PBXFileReference; lastKnownFileType = sourcecode.swift; path = Constants.swift; sourceTree = "<group>"; };
		1195B69E23B021FB00E5285F /* Info.plist */ = {isa = PBXFileReference; fileEncoding = 4; lastKnownFileType = text.plist.xml; path = Info.plist; sourceTree = "<group>"; };
		1195B69F23B021FB00E5285F /* Assets.xcassets */ = {isa = PBXFileReference; lastKnownFileType = folder.assetcatalog; path = Assets.xcassets; sourceTree = "<group>"; };
		1195B6A323B0220600E5285F /* Base */ = {isa = PBXFileReference; lastKnownFileType = file.storyboard; name = Base; path = Base.lproj/LaunchScreen.storyboard; sourceTree = "<group>"; };
		1195B6AC23B0235F00E5285F /* Animals.storyboard */ = {isa = PBXFileReference; fileEncoding = 4; lastKnownFileType = file.storyboard; path = Animals.storyboard; sourceTree = "<group>"; };
		1195B6AE23B023A200E5285F /* AnimalsViewController.swift */ = {isa = PBXFileReference; lastKnownFileType = sourcecode.swift; path = AnimalsViewController.swift; sourceTree = "<group>"; };
		1195B6B623B02AFD00E5285F /* AnimalsViewController+Functions.swift */ = {isa = PBXFileReference; lastKnownFileType = sourcecode.swift; path = "AnimalsViewController+Functions.swift"; sourceTree = "<group>"; };
		1195B6B923B02CE600E5285F /* AnimalsViewCell.swift */ = {isa = PBXFileReference; lastKnownFileType = sourcecode.swift; path = AnimalsViewCell.swift; sourceTree = "<group>"; };
		1195B6BD23B02D3B00E5285F /* AsyncImageView.swift */ = {isa = PBXFileReference; lastKnownFileType = sourcecode.swift; path = AsyncImageView.swift; sourceTree = "<group>"; };
		1195B6BF23B02DFF00E5285F /* AnimalsTableCell+TableDataSource.swift */ = {isa = PBXFileReference; lastKnownFileType = sourcecode.swift; path = "AnimalsTableCell+TableDataSource.swift"; sourceTree = "<group>"; };
		1195B6C223B030A500E5285F /* TopTableCell.swift */ = {isa = PBXFileReference; lastKnownFileType = sourcecode.swift; path = TopTableCell.swift; sourceTree = "<group>"; };
		1195B6CB23B033A600E5285F /* LikesCell.swift */ = {isa = PBXFileReference; lastKnownFileType = sourcecode.swift; path = LikesCell.swift; sourceTree = "<group>"; };
		11B4AC1F23B5704E00B71A93 /* LikesView.swift */ = {isa = PBXFileReference; lastKnownFileType = sourcecode.swift; path = LikesView.swift; sourceTree = "<group>"; };
		11B4AC2223B570BF00B71A93 /* LikesView+Setter.swift */ = {isa = PBXFileReference; lastKnownFileType = sourcecode.swift; path = "LikesView+Setter.swift"; sourceTree = "<group>"; };
		11B4AC2423B5716200B71A93 /* LikesView+Functions.swift */ = {isa = PBXFileReference; lastKnownFileType = sourcecode.swift; path = "LikesView+Functions.swift"; sourceTree = "<group>"; };
		11B4AC2623B5719800B71A93 /* LikesView+Table.swift */ = {isa = PBXFileReference; lastKnownFileType = sourcecode.swift; path = "LikesView+Table.swift"; sourceTree = "<group>"; };
		11CF0B5723B385900000232F /* AnimalsViewController+ScrollDelegate.swift */ = {isa = PBXFileReference; lastKnownFileType = sourcecode.swift; path = "AnimalsViewController+ScrollDelegate.swift"; sourceTree = "<group>"; };
		11E2DED523BAA4CC00FBCBBF /* LikeDetailsView+Setter.swift */ = {isa = PBXFileReference; lastKnownFileType = sourcecode.swift; path = "LikeDetailsView+Setter.swift"; sourceTree = "<group>"; };
		11E2DED723BAB93100FBCBBF /* AnimalsTableCell+TableDelegate.swift */ = {isa = PBXFileReference; lastKnownFileType = sourcecode.swift; path = "AnimalsTableCell+TableDelegate.swift"; sourceTree = "<group>"; };
		11E2DED923BAD5E800FBCBBF /* LikeDetailsView+Handlers.swift */ = {isa = PBXFileReference; lastKnownFileType = sourcecode.swift; path = "LikeDetailsView+Handlers.swift"; sourceTree = "<group>"; };
		11E2DEDB23BADAB900FBCBBF /* UIView+Shadow.swift */ = {isa = PBXFileReference; lastKnownFileType = sourcecode.swift; path = "UIView+Shadow.swift"; sourceTree = "<group>"; };
		11F27ED823B18451001416B9 /* UIView+Corners.swift */ = {isa = PBXFileReference; lastKnownFileType = sourcecode.swift; path = "UIView+Corners.swift"; sourceTree = "<group>"; };
		11F27EDB23B1959F001416B9 /* AnimalsContainerView.swift */ = {isa = PBXFileReference; lastKnownFileType = sourcecode.swift; path = AnimalsContainerView.swift; sourceTree = "<group>"; };
		11F27EDE23B1970C001416B9 /* AnimalsContainerView+FlowLayout.swift */ = {isa = PBXFileReference; fileEncoding = 4; lastKnownFileType = sourcecode.swift; path = "AnimalsContainerView+FlowLayout.swift"; sourceTree = "<group>"; };
		11F27EDF23B1970C001416B9 /* AnimalsContainerView+Setters.swift */ = {isa = PBXFileReference; fileEncoding = 4; lastKnownFileType = sourcecode.swift; path = "AnimalsContainerView+Setters.swift"; sourceTree = "<group>"; };
		11F27EE023B1970D001416B9 /* AnimalsContainerView+CollectionDelegate.swift */ = {isa = PBXFileReference; fileEncoding = 4; lastKnownFileType = sourcecode.swift; path = "AnimalsContainerView+CollectionDelegate.swift"; sourceTree = "<group>"; };
/* End PBXFileReference section */

/* Begin PBXFrameworksBuildPhase section */
		1195B66723AFF9F800E5285F /* Frameworks */ = {
			isa = PBXFrameworksBuildPhase;
			buildActionMask = 2147483647;
			files = (
			);
			runOnlyForDeploymentPostprocessing = 0;
		};
		1195B67D23AFF9FD00E5285F /* Frameworks */ = {
			isa = PBXFrameworksBuildPhase;
			buildActionMask = 2147483647;
			files = (
			);
			runOnlyForDeploymentPostprocessing = 0;
		};
/* End PBXFrameworksBuildPhase section */

/* Begin PBXGroup section */
		11182E4723B2D8A3009B9F6C /* Extensions */ = {
			isa = PBXGroup;
			children = (
				11182E4823B2D8C2009B9F6C /* LikesCell+Setter.swift */,
			);
			path = Extensions;
			sourceTree = "<group>";
		};
		115C437E23B7BE55003F2D8A /* Router */ = {
			isa = PBXGroup;
			children = (
				115C437F23B7BE6B003F2D8A /* Router.swift */,
				115C438123B7C3AA003F2D8A /* Router+Transition.swift */,
			);
			path = Router;
			sourceTree = "<group>";
		};
		115DF02D23B0E4800025FDD0 /* DataContainer */ = {
			isa = PBXGroup;
			children = (
				115DF02E23B0E49B0025FDD0 /* DataContainer.swift */,
				115C437B23B7A240003F2D8A /* TestData.swift */,
			);
			path = DataContainer;
			sourceTree = "<group>";
		};
		115DF03223B0E8920025FDD0 /* DataModel */ = {
			isa = PBXGroup;
			children = (
				115DF03323B0E89B0025FDD0 /* AnimalObject */,
			);
			path = DataModel;
			sourceTree = "<group>";
		};
		115DF03323B0E89B0025FDD0 /* AnimalObject */ = {
			isa = PBXGroup;
			children = (
				115DF03423B0E8BF0025FDD0 /* AnimalObject.swift */,
			);
			path = AnimalObject;
			sourceTree = "<group>";
		};
		115DF03C23B108C70025FDD0 /* Extensions */ = {
			isa = PBXGroup;
			children = (
				115DF03D23B108DE0025FDD0 /* AnimalsViewCell+Setter.swift */,
				11182E4E23B2DCDC009B9F6C /* AnimalsViewCell+Actions.swift */,
			);
			path = Extensions;
			sourceTree = "<group>";
		};
		116F783423BA489500971AEA /* Custom cells */ = {
			isa = PBXGroup;
			children = (
				1195B6C123B0308000E5285F /* TableViewCell */,
				1195B6B823B02CD600E5285F /* CollectionViewCell */,
			);
			path = "Custom cells";
			sourceTree = "<group>";
		};
		116F783523BA4A6600971AEA /* LikeDetailsView */ = {
			isa = PBXGroup;
			children = (
				116F783623BA4A9900971AEA /* LikeDetailsView.swift */,
				11E2DED423BAA45800FBCBBF /* Extensions */,
			);
			path = LikeDetailsView;
			sourceTree = "<group>";
		};
		117F4AFE23B97711003248C7 /* RequestBuilder */ = {
			isa = PBXGroup;
			children = (
				117F4AFF23B97737003248C7 /* RequestBuilder.swift */,
			);
			path = RequestBuilder;
			sourceTree = "<group>";
		};
		11866AE123B645F30090424B /* Animal details */ = {
			isa = PBXGroup;
			children = (
				11866AE223B646370090424B /* DetailsViewController.swift */,
				11866AE423B646500090424B /* Extensions */,
				11866AE523B646560090424B /* Common */,
			);
			path = "Animal details";
			sourceTree = "<group>";
		};
		11866AE423B646500090424B /* Extensions */ = {
			isa = PBXGroup;
			children = (
				115C438523B7D1DC003F2D8A /* DetailsViewController+Functions.swift */,
				115C438323B7D15E003F2D8A /* DetailsViewController+Actions.swift */,
				117F4B0123B97BC4003248C7 /* DetailsViewController+NavigationDelegate.swift */,
			);
			path = Extensions;
			sourceTree = "<group>";
		};
		11866AE523B646560090424B /* Common */ = {
			isa = PBXGroup;
			children = (
				11866AE623B646620090424B /* Storyboard */,
			);
			path = Common;
			sourceTree = "<group>";
		};
		11866AE623B646620090424B /* Storyboard */ = {
			isa = PBXGroup;
			children = (
				11866AE723B646750090424B /* Details.storyboard */,
			);
			path = Storyboard;
			sourceTree = "<group>";
		};
		1188955023BBFC0800D1BC32 /* Makers */ = {
			isa = PBXGroup;
			children = (
				1188955123BBFC3C00D1BC32 /* SizeMaker */,
			);
			path = Makers;
			sourceTree = "<group>";
		};
		1188955123BBFC3C00D1BC32 /* SizeMaker */ = {
			isa = PBXGroup;
			children = (
				1188955223BBFC5700D1BC32 /* SizeMaker.swift */,
			);
			path = SizeMaker;
			sourceTree = "<group>";
		};
		1188955423BC3A7B00D1BC32 /* Getters */ = {
			isa = PBXGroup;
			children = (
				1188955523BC3A8100D1BC32 /* IndexGetter */,
			);
			path = Getters;
			sourceTree = "<group>";
		};
		1188955523BC3A8100D1BC32 /* IndexGetter */ = {
			isa = PBXGroup;
			children = (
				1188955623BC3A9E00D1BC32 /* IndexGetter.swift */,
			);
			path = IndexGetter;
			sourceTree = "<group>";
		};
		1188955A23BC43ED00D1BC32 /* Delegates */ = {
			isa = PBXGroup;
			children = (
				11F27EE023B1970D001416B9 /* AnimalsContainerView+CollectionDelegate.swift */,
				11182E4323B29543009B9F6C /* AnimalsContainerView+ScrollDelegate.swift */,
			);
			path = Delegates;
			sourceTree = "<group>";
		};
		1188956323BC4B7500D1BC32 /* UITableViewCell */ = {
			isa = PBXGroup;
			children = (
				1188956423BC4BB300D1BC32 /* UITableViewCell+EmptyCell.swift */,
			);
			path = UITableViewCell;
			sourceTree = "<group>";
		};
		1188956823BC4DBD00D1BC32 /* Delegates */ = {
			isa = PBXGroup;
			children = (
				1195B6BF23B02DFF00E5285F /* AnimalsTableCell+TableDataSource.swift */,
				11E2DED723BAB93100FBCBBF /* AnimalsTableCell+TableDelegate.swift */,
				11CF0B5723B385900000232F /* AnimalsViewController+ScrollDelegate.swift */,
			);
			path = Delegates;
			sourceTree = "<group>";
		};
		1195B66123AFF9F800E5285F = {
			isa = PBXGroup;
			children = (
				1195B66C23AFF9F800E5285F /* AnimatedAnimals */,
				1195B68323AFF9FD00E5285F /* AnimatedAnimalsTests */,
				1195B66B23AFF9F800E5285F /* Products */,
			);
			sourceTree = "<group>";
		};
		1195B66B23AFF9F800E5285F /* Products */ = {
			isa = PBXGroup;
			children = (
				1195B66A23AFF9F800E5285F /* AnimatedAnimals.app */,
				1195B68023AFF9FD00E5285F /* AnimatedAnimalsTests.xctest */,
			);
			name = Products;
			sourceTree = "<group>";
		};
		1195B66C23AFF9F800E5285F /* AnimatedAnimals */ = {
			isa = PBXGroup;
			children = (
				1195B68F23B01A6300E5285F /* Application */,
				1195B69223B01AB500E5285F /* Modules */,
				1195B69523B01AF100E5285F /* Common */,
				1195B69423B01AD000E5285F /* Endpoints */,
				115C437E23B7BE55003F2D8A /* Router */,
			);
			path = AnimatedAnimals;
			sourceTree = "<group>";
		};
		1195B68323AFF9FD00E5285F /* AnimatedAnimalsTests */ = {
			isa = PBXGroup;
			children = (
				1195B68423AFF9FD00E5285F /* AnimatedAnimalsTests.swift */,
				1195B68623AFF9FD00E5285F /* Info.plist */,
			);
			path = AnimatedAnimalsTests;
			sourceTree = "<group>";
		};
		1195B68F23B01A6300E5285F /* Application */ = {
			isa = PBXGroup;
			children = (
				1195B69623B01B0300E5285F /* AppDelegate.swift */,
				1195B69723B01B0300E5285F /* SceneDelegate.swift */,
			);
			path = Application;
			sourceTree = "<group>";
		};
		1195B69223B01AB500E5285F /* Modules */ = {
			isa = PBXGroup;
			children = (
				1195B69A23B01B1700E5285F /* Animals */,
				11866AE123B645F30090424B /* Animal details */,
			);
			path = Modules;
			sourceTree = "<group>";
		};
		1195B69323B01AC800E5285F /* Resources */ = {
			isa = PBXGroup;
			children = (
				1195B6A223B0220600E5285F /* LaunchScreen.storyboard */,
				1195B69F23B021FB00E5285F /* Assets.xcassets */,
				1195B69E23B021FB00E5285F /* Info.plist */,
			);
			path = Resources;
			sourceTree = "<group>";
		};
		1195B69423B01AD000E5285F /* Endpoints */ = {
			isa = PBXGroup;
			children = (
				117F4AFE23B97711003248C7 /* RequestBuilder */,
			);
			path = Endpoints;
			sourceTree = "<group>";
		};
		1195B69523B01AF100E5285F /* Common */ = {
			isa = PBXGroup;
			children = (
				1188955423BC3A7B00D1BC32 /* Getters */,
				1188955023BBFC0800D1BC32 /* Makers */,
				115DF02D23B0E4800025FDD0 /* DataContainer */,
				1195B6BB23B02D1D00E5285F /* UI */,
				1195B69B23B01BA500E5285F /* Definitions */,
				11F27ED623B183F3001416B9 /* Extensions */,
				1195B69323B01AC800E5285F /* Resources */,
			);
			path = Common;
			sourceTree = "<group>";
		};
		1195B69A23B01B1700E5285F /* Animals */ = {
			isa = PBXGroup;
			children = (
				1195B6AE23B023A200E5285F /* AnimalsViewController.swift */,
				1188956823BC4DBD00D1BC32 /* Delegates */,
				1195B6B023B023F200E5285F /* Extensions */,
				1195B6A823B0226400E5285F /* Common */,
			);
			path = Animals;
			sourceTree = "<group>";
		};
		1195B69B23B01BA500E5285F /* Definitions */ = {
			isa = PBXGroup;
			children = (
				1195B69C23B01BB800E5285F /* Constants.swift */,
				115DF03623B0ED7F0025FDD0 /* Enums.swift */,
			);
			path = Definitions;
			sourceTree = "<group>";
		};
		1195B6A823B0226400E5285F /* Common */ = {
			isa = PBXGroup;
			children = (
				115DF03223B0E8920025FDD0 /* DataModel */,
				1195B6B523B029E300E5285F /* UI */,
				1195B6A923B0227C00E5285F /* Storyboard */,
			);
			path = Common;
			sourceTree = "<group>";
		};
		1195B6A923B0227C00E5285F /* Storyboard */ = {
			isa = PBXGroup;
			children = (
				1195B6AC23B0235F00E5285F /* Animals.storyboard */,
			);
			path = Storyboard;
			sourceTree = "<group>";
		};
		1195B6B023B023F200E5285F /* Extensions */ = {
			isa = PBXGroup;
			children = (
				1188955F23BC494200D1BC32 /* AnimalsViewController+Setters.swift */,
				1188956123BC4B3600D1BC32 /* AnimalsViewController+UIMakers.swift */,
				1195B6B623B02AFD00E5285F /* AnimalsViewController+Functions.swift */,
				11182E4523B2D10C009B9F6C /* AnimalsViewController+Observers.swift */,
				1188956623BC4C6200D1BC32 /* AnimalsViewController+ScrollHandlers.swift */,
			);
			path = Extensions;
			sourceTree = "<group>";
		};
		1195B6B523B029E300E5285F /* UI */ = {
			isa = PBXGroup;
			children = (
				1195B6C823B032DB00E5285F /* Top view */,
				1195B6C923B032F200E5285F /* Bottom view */,
			);
			path = UI;
			sourceTree = "<group>";
		};
		1195B6B823B02CD600E5285F /* CollectionViewCell */ = {
			isa = PBXGroup;
			children = (
				1195B6B923B02CE600E5285F /* AnimalsViewCell.swift */,
				115DF03C23B108C70025FDD0 /* Extensions */,
			);
			path = CollectionViewCell;
			sourceTree = "<group>";
		};
		1195B6BB23B02D1D00E5285F /* UI */ = {
			isa = PBXGroup;
			children = (
				1195B6BC23B02D2800E5285F /* AsyncImageView */,
			);
			path = UI;
			sourceTree = "<group>";
		};
		1195B6BC23B02D2800E5285F /* AsyncImageView */ = {
			isa = PBXGroup;
			children = (
				1195B6BD23B02D3B00E5285F /* AsyncImageView.swift */,
				11182E4A23B2D8FF009B9F6C /* AsyncImageView+Setter.swift */,
			);
			path = AsyncImageView;
			sourceTree = "<group>";
		};
		1195B6C123B0308000E5285F /* TableViewCell */ = {
			isa = PBXGroup;
			children = (
				1195B6C223B030A500E5285F /* TopTableCell.swift */,
				1195B6C423B0310C00E5285F /* Extensions */,
			);
			path = TableViewCell;
			sourceTree = "<group>";
		};
		1195B6C423B0310C00E5285F /* Extensions */ = {
			isa = PBXGroup;
			children = (
				115DF03A23B100C80025FDD0 /* TopTableCell+Setter.swift */,
			);
			path = Extensions;
			sourceTree = "<group>";
		};
		1195B6C823B032DB00E5285F /* Top view */ = {
			isa = PBXGroup;
			children = (
				116F783523BA4A6600971AEA /* LikeDetailsView */,
				11F27EDA23B1957F001416B9 /* AnimalsContainerView */,
				116F783423BA489500971AEA /* Custom cells */,
			);
			path = "Top view";
			sourceTree = "<group>";
		};
		1195B6C923B032F200E5285F /* Bottom view */ = {
			isa = PBXGroup;
			children = (
				11B4AC1E23B5703900B71A93 /* LikesView */,
				1195B6CA23B0339700E5285F /* LikesCell */,
			);
			path = "Bottom view";
			sourceTree = "<group>";
		};
		1195B6CA23B0339700E5285F /* LikesCell */ = {
			isa = PBXGroup;
			children = (
				1195B6CB23B033A600E5285F /* LikesCell.swift */,
				11182E4723B2D8A3009B9F6C /* Extensions */,
			);
			path = LikesCell;
			sourceTree = "<group>";
		};
		11B4AC1E23B5703900B71A93 /* LikesView */ = {
			isa = PBXGroup;
			children = (
				11B4AC1F23B5704E00B71A93 /* LikesView.swift */,
				11B4AC2123B5709F00B71A93 /* Extensions */,
			);
			path = LikesView;
			sourceTree = "<group>";
		};
		11B4AC2123B5709F00B71A93 /* Extensions */ = {
			isa = PBXGroup;
			children = (
				11B4AC2223B570BF00B71A93 /* LikesView+Setter.swift */,
				11B4AC2423B5716200B71A93 /* LikesView+Functions.swift */,
				11B4AC2623B5719800B71A93 /* LikesView+Table.swift */,
			);
			path = Extensions;
			sourceTree = "<group>";
		};
		11E2DED423BAA45800FBCBBF /* Extensions */ = {
			isa = PBXGroup;
			children = (
				11E2DED523BAA4CC00FBCBBF /* LikeDetailsView+Setter.swift */,
				11E2DED923BAD5E800FBCBBF /* LikeDetailsView+Handlers.swift */,
			);
			path = Extensions;
			sourceTree = "<group>";
		};
		11F27ED623B183F3001416B9 /* Extensions */ = {
			isa = PBXGroup;
			children = (
				1188956323BC4B7500D1BC32 /* UITableViewCell */,
				11F27ED723B18404001416B9 /* UIView */,
			);
			path = Extensions;
			sourceTree = "<group>";
		};
		11F27ED723B18404001416B9 /* UIView */ = {
			isa = PBXGroup;
			children = (
				11F27ED823B18451001416B9 /* UIView+Corners.swift */,
				117F4AF523B8D707003248C7 /* UIView+Anchors.swift */,
				11E2DEDB23BADAB900FBCBBF /* UIView+Shadow.swift */,
				1188954E23BBB23300D1BC32 /* UIView+HighlightZoom.swift */,
				1188955D23BC451C00D1BC32 /* UIView+Fade.swift */,
			);
			path = UIView;
			sourceTree = "<group>";
		};
		11F27EDA23B1957F001416B9 /* AnimalsContainerView */ = {
			isa = PBXGroup;
			children = (
				11F27EDB23B1959F001416B9 /* AnimalsContainerView.swift */,
				11F27EDD23B195B0001416B9 /* Extensions */,
				1188955A23BC43ED00D1BC32 /* Delegates */,
			);
			path = AnimalsContainerView;
			sourceTree = "<group>";
		};
		11F27EDD23B195B0001416B9 /* Extensions */ = {
			isa = PBXGroup;
			children = (
				11F27EDF23B1970C001416B9 /* AnimalsContainerView+Setters.swift */,
				1188955823BC40F100D1BC32 /* AnimalsContainerView+CellMaker.swift */,
				11F27EDE23B1970C001416B9 /* AnimalsContainerView+FlowLayout.swift */,
				1188955B23BC44B000D1BC32 /* AnimalsContainerView+Handlers.swift */,
			);
			path = Extensions;
			sourceTree = "<group>";
		};
/* End PBXGroup section */

/* Begin PBXNativeTarget section */
		1195B66923AFF9F800E5285F /* AnimatedAnimals */ = {
			isa = PBXNativeTarget;
			buildConfigurationList = 1195B68923AFF9FD00E5285F /* Build configuration list for PBXNativeTarget "AnimatedAnimals" */;
			buildPhases = (
				1195B66623AFF9F800E5285F /* Sources */,
				1195B66723AFF9F800E5285F /* Frameworks */,
				1195B66823AFF9F800E5285F /* Resources */,
			);
			buildRules = (
			);
			dependencies = (
			);
			name = AnimatedAnimals;
			productName = AnimatedAnimals;
			productReference = 1195B66A23AFF9F800E5285F /* AnimatedAnimals.app */;
			productType = "com.apple.product-type.application";
		};
		1195B67F23AFF9FD00E5285F /* AnimatedAnimalsTests */ = {
			isa = PBXNativeTarget;
			buildConfigurationList = 1195B68C23AFF9FD00E5285F /* Build configuration list for PBXNativeTarget "AnimatedAnimalsTests" */;
			buildPhases = (
				1195B67C23AFF9FD00E5285F /* Sources */,
				1195B67D23AFF9FD00E5285F /* Frameworks */,
				1195B67E23AFF9FD00E5285F /* Resources */,
			);
			buildRules = (
			);
			dependencies = (
				1195B68223AFF9FD00E5285F /* PBXTargetDependency */,
			);
			name = AnimatedAnimalsTests;
			productName = AnimatedAnimalsTests;
			productReference = 1195B68023AFF9FD00E5285F /* AnimatedAnimalsTests.xctest */;
			productType = "com.apple.product-type.bundle.unit-test";
		};
/* End PBXNativeTarget section */

/* Begin PBXProject section */
		1195B66223AFF9F800E5285F /* Project object */ = {
			isa = PBXProject;
			attributes = {
				LastSwiftUpdateCheck = 1130;
				LastUpgradeCheck = 1130;
				ORGANIZATIONNAME = "Rost Gress";
				TargetAttributes = {
					1195B66923AFF9F800E5285F = {
						CreatedOnToolsVersion = 11.3;
					};
					1195B67F23AFF9FD00E5285F = {
						CreatedOnToolsVersion = 11.3;
						TestTargetID = 1195B66923AFF9F800E5285F;
					};
				};
			};
			buildConfigurationList = 1195B66523AFF9F800E5285F /* Build configuration list for PBXProject "AnimatedAnimals" */;
			compatibilityVersion = "Xcode 9.3";
			developmentRegion = en;
			hasScannedForEncodings = 0;
			knownRegions = (
				en,
				Base,
			);
			mainGroup = 1195B66123AFF9F800E5285F;
			productRefGroup = 1195B66B23AFF9F800E5285F /* Products */;
			projectDirPath = "";
			projectRoot = "";
			targets = (
				1195B66923AFF9F800E5285F /* AnimatedAnimals */,
				1195B67F23AFF9FD00E5285F /* AnimatedAnimalsTests */,
			);
		};
/* End PBXProject section */

/* Begin PBXResourcesBuildPhase section */
		1195B66823AFF9F800E5285F /* Resources */ = {
			isa = PBXResourcesBuildPhase;
			buildActionMask = 2147483647;
			files = (
				1195B6A623B0220600E5285F /* LaunchScreen.storyboard in Resources */,
				1195B6A123B021FB00E5285F /* Assets.xcassets in Resources */,
				1195B6AD23B0235F00E5285F /* Animals.storyboard in Resources */,
				11866AE823B646750090424B /* Details.storyboard in Resources */,
			);
			runOnlyForDeploymentPostprocessing = 0;
		};
		1195B67E23AFF9FD00E5285F /* Resources */ = {
			isa = PBXResourcesBuildPhase;
			buildActionMask = 2147483647;
			files = (
			);
			runOnlyForDeploymentPostprocessing = 0;
		};
/* End PBXResourcesBuildPhase section */

/* Begin PBXSourcesBuildPhase section */
		1195B66623AFF9F800E5285F /* Sources */ = {
			isa = PBXSourcesBuildPhase;
			buildActionMask = 2147483647;
			files = (
				115DF03E23B108DE0025FDD0 /* AnimalsViewCell+Setter.swift in Sources */,
				11866AE323B646370090424B /* DetailsViewController.swift in Sources */,
				1195B6BA23B02CE600E5285F /* AnimalsViewCell.swift in Sources */,
				115DF03B23B100C80025FDD0 /* TopTableCell+Setter.swift in Sources */,
				11E2DEDC23BADAB900FBCBBF /* UIView+Shadow.swift in Sources */,
				115C438023B7BE6B003F2D8A /* Router.swift in Sources */,
				11182E4F23B2DCDC009B9F6C /* AnimalsViewCell+Actions.swift in Sources */,
				1188955323BBFC5700D1BC32 /* SizeMaker.swift in Sources */,
				1188955E23BC451C00D1BC32 /* UIView+Fade.swift in Sources */,
				11B4AC2023B5704E00B71A93 /* LikesView.swift in Sources */,
				1195B69823B01B0300E5285F /* AppDelegate.swift in Sources */,
				1195B69923B01B0300E5285F /* SceneDelegate.swift in Sources */,
				1195B6BE23B02D3B00E5285F /* AsyncImageView.swift in Sources */,
				1195B6C323B030A500E5285F /* TopTableCell.swift in Sources */,
				1188956723BC4C6200D1BC32 /* AnimalsViewController+ScrollHandlers.swift in Sources */,
				115C438423B7D15E003F2D8A /* DetailsViewController+Actions.swift in Sources */,
				1188955C23BC44B000D1BC32 /* AnimalsContainerView+Handlers.swift in Sources */,
				1195B6AF23B023A200E5285F /* AnimalsViewController.swift in Sources */,
				1188956523BC4BB300D1BC32 /* UITableViewCell+EmptyCell.swift in Sources */,
				115C438623B7D1DC003F2D8A /* DetailsViewController+Functions.swift in Sources */,
				11182E4623B2D10C009B9F6C /* AnimalsViewController+Observers.swift in Sources */,
				1188956223BC4B3600D1BC32 /* AnimalsViewController+UIMakers.swift in Sources */,
				11F27EE223B1970D001416B9 /* AnimalsContainerView+Setters.swift in Sources */,
				11F27EE323B1970D001416B9 /* AnimalsContainerView+CollectionDelegate.swift in Sources */,
				11B4AC2523B5716200B71A93 /* LikesView+Functions.swift in Sources */,
				116F783723BA4A9900971AEA /* LikeDetailsView.swift in Sources */,
				117F4AF623B8D707003248C7 /* UIView+Anchors.swift in Sources */,
				115DF03523B0E8BF0025FDD0 /* AnimalObject.swift in Sources */,
				1188954F23BBB23300D1BC32 /* UIView+HighlightZoom.swift in Sources */,
				1188956023BC494200D1BC32 /* AnimalsViewController+Setters.swift in Sources */,
				11B4AC2323B570BF00B71A93 /* LikesView+Setter.swift in Sources */,
				117F4B0223B97BC4003248C7 /* DetailsViewController+NavigationDelegate.swift in Sources */,
				11182E4B23B2D8FF009B9F6C /* AsyncImageView+Setter.swift in Sources */,
				11F27EDC23B1959F001416B9 /* AnimalsContainerView.swift in Sources */,
				11E2DED623BAA4CC00FBCBBF /* LikeDetailsView+Setter.swift in Sources */,
				1195B6B723B02AFD00E5285F /* AnimalsViewController+Functions.swift in Sources */,
				11CF0B5823B385900000232F /* AnimalsViewController+ScrollDelegate.swift in Sources */,
				11E2DED823BAB93100FBCBBF /* AnimalsTableCell+TableDelegate.swift in Sources */,
				115DF02F23B0E49B0025FDD0 /* DataContainer.swift in Sources */,
				11F27EE123B1970D001416B9 /* AnimalsContainerView+FlowLayout.swift in Sources */,
				115C437C23B7A240003F2D8A /* TestData.swift in Sources */,
				1188955723BC3A9E00D1BC32 /* IndexGetter.swift in Sources */,
				11182E4923B2D8C2009B9F6C /* LikesCell+Setter.swift in Sources */,
				1195B6C023B02DFF00E5285F /* AnimalsTableCell+TableDataSource.swift in Sources */,
				11E2DEDA23BAD5E800FBCBBF /* LikeDetailsView+Handlers.swift in Sources */,
				11B4AC2723B5719800B71A93 /* LikesView+Table.swift in Sources */,
				11182E4423B29543009B9F6C /* AnimalsContainerView+ScrollDelegate.swift in Sources */,
				1195B69D23B01BB800E5285F /* Constants.swift in Sources */,
				115DF03723B0ED7F0025FDD0 /* Enums.swift in Sources */,
				11F27ED923B18451001416B9 /* UIView+Corners.swift in Sources */,
				117F4B0023B97737003248C7 /* RequestBuilder.swift in Sources */,
				1188955923BC40F100D1BC32 /* AnimalsContainerView+CellMaker.swift in Sources */,
				1195B6CC23B033A600E5285F /* LikesCell.swift in Sources */,
				115C438223B7C3AA003F2D8A /* Router+Transition.swift in Sources */,
			);
			runOnlyForDeploymentPostprocessing = 0;
		};
		1195B67C23AFF9FD00E5285F /* Sources */ = {
			isa = PBXSourcesBuildPhase;
			buildActionMask = 2147483647;
			files = (
				1195B68523AFF9FD00E5285F /* AnimatedAnimalsTests.swift in Sources */,
			);
			runOnlyForDeploymentPostprocessing = 0;
		};
/* End PBXSourcesBuildPhase section */

/* Begin PBXTargetDependency section */
		1195B68223AFF9FD00E5285F /* PBXTargetDependency */ = {
			isa = PBXTargetDependency;
			target = 1195B66923AFF9F800E5285F /* AnimatedAnimals */;
			targetProxy = 1195B68123AFF9FD00E5285F /* PBXContainerItemProxy */;
		};
/* End PBXTargetDependency section */

/* Begin PBXVariantGroup section */
		1195B6A223B0220600E5285F /* LaunchScreen.storyboard */ = {
			isa = PBXVariantGroup;
			children = (
				1195B6A323B0220600E5285F /* Base */,
			);
			name = LaunchScreen.storyboard;
			sourceTree = "<group>";
		};
/* End PBXVariantGroup section */

/* Begin XCBuildConfiguration section */
		1195B68723AFF9FD00E5285F /* Debug */ = {
			isa = XCBuildConfiguration;
			buildSettings = {
				ALWAYS_SEARCH_USER_PATHS = NO;
				CLANG_ANALYZER_NONNULL = YES;
				CLANG_ANALYZER_NUMBER_OBJECT_CONVERSION = YES_AGGRESSIVE;
				CLANG_CXX_LANGUAGE_STANDARD = "gnu++14";
				CLANG_CXX_LIBRARY = "libc++";
				CLANG_ENABLE_MODULES = YES;
				CLANG_ENABLE_OBJC_ARC = YES;
				CLANG_ENABLE_OBJC_WEAK = YES;
				CLANG_WARN_BLOCK_CAPTURE_AUTORELEASING = YES;
				CLANG_WARN_BOOL_CONVERSION = YES;
				CLANG_WARN_COMMA = YES;
				CLANG_WARN_CONSTANT_CONVERSION = YES;
				CLANG_WARN_DEPRECATED_OBJC_IMPLEMENTATIONS = YES;
				CLANG_WARN_DIRECT_OBJC_ISA_USAGE = YES_ERROR;
				CLANG_WARN_DOCUMENTATION_COMMENTS = YES;
				CLANG_WARN_EMPTY_BODY = YES;
				CLANG_WARN_ENUM_CONVERSION = YES;
				CLANG_WARN_INFINITE_RECURSION = YES;
				CLANG_WARN_INT_CONVERSION = YES;
				CLANG_WARN_NON_LITERAL_NULL_CONVERSION = YES;
				CLANG_WARN_OBJC_IMPLICIT_RETAIN_SELF = YES;
				CLANG_WARN_OBJC_LITERAL_CONVERSION = YES;
				CLANG_WARN_OBJC_ROOT_CLASS = YES_ERROR;
				CLANG_WARN_RANGE_LOOP_ANALYSIS = YES;
				CLANG_WARN_STRICT_PROTOTYPES = YES;
				CLANG_WARN_SUSPICIOUS_MOVE = YES;
				CLANG_WARN_UNGUARDED_AVAILABILITY = YES_AGGRESSIVE;
				CLANG_WARN_UNREACHABLE_CODE = YES;
				CLANG_WARN__DUPLICATE_METHOD_MATCH = YES;
				COPY_PHASE_STRIP = NO;
				DEBUG_INFORMATION_FORMAT = dwarf;
				ENABLE_STRICT_OBJC_MSGSEND = YES;
				ENABLE_TESTABILITY = YES;
				GCC_C_LANGUAGE_STANDARD = gnu11;
				GCC_DYNAMIC_NO_PIC = NO;
				GCC_NO_COMMON_BLOCKS = YES;
				GCC_OPTIMIZATION_LEVEL = 0;
				GCC_PREPROCESSOR_DEFINITIONS = (
					"DEBUG=1",
					"$(inherited)",
				);
				GCC_WARN_64_TO_32_BIT_CONVERSION = YES;
				GCC_WARN_ABOUT_RETURN_TYPE = YES_ERROR;
				GCC_WARN_UNDECLARED_SELECTOR = YES;
				GCC_WARN_UNINITIALIZED_AUTOS = YES_AGGRESSIVE;
				GCC_WARN_UNUSED_FUNCTION = YES;
				GCC_WARN_UNUSED_VARIABLE = YES;
				IPHONEOS_DEPLOYMENT_TARGET = 13.2;
				MTL_ENABLE_DEBUG_INFO = INCLUDE_SOURCE;
				MTL_FAST_MATH = YES;
				ONLY_ACTIVE_ARCH = YES;
				SDKROOT = iphoneos;
				SWIFT_ACTIVE_COMPILATION_CONDITIONS = DEBUG;
				SWIFT_OPTIMIZATION_LEVEL = "-Onone";
			};
			name = Debug;
		};
		1195B68823AFF9FD00E5285F /* Release */ = {
			isa = XCBuildConfiguration;
			buildSettings = {
				ALWAYS_SEARCH_USER_PATHS = NO;
				CLANG_ANALYZER_NONNULL = YES;
				CLANG_ANALYZER_NUMBER_OBJECT_CONVERSION = YES_AGGRESSIVE;
				CLANG_CXX_LANGUAGE_STANDARD = "gnu++14";
				CLANG_CXX_LIBRARY = "libc++";
				CLANG_ENABLE_MODULES = YES;
				CLANG_ENABLE_OBJC_ARC = YES;
				CLANG_ENABLE_OBJC_WEAK = YES;
				CLANG_WARN_BLOCK_CAPTURE_AUTORELEASING = YES;
				CLANG_WARN_BOOL_CONVERSION = YES;
				CLANG_WARN_COMMA = YES;
				CLANG_WARN_CONSTANT_CONVERSION = YES;
				CLANG_WARN_DEPRECATED_OBJC_IMPLEMENTATIONS = YES;
				CLANG_WARN_DIRECT_OBJC_ISA_USAGE = YES_ERROR;
				CLANG_WARN_DOCUMENTATION_COMMENTS = YES;
				CLANG_WARN_EMPTY_BODY = YES;
				CLANG_WARN_ENUM_CONVERSION = YES;
				CLANG_WARN_INFINITE_RECURSION = YES;
				CLANG_WARN_INT_CONVERSION = YES;
				CLANG_WARN_NON_LITERAL_NULL_CONVERSION = YES;
				CLANG_WARN_OBJC_IMPLICIT_RETAIN_SELF = YES;
				CLANG_WARN_OBJC_LITERAL_CONVERSION = YES;
				CLANG_WARN_OBJC_ROOT_CLASS = YES_ERROR;
				CLANG_WARN_RANGE_LOOP_ANALYSIS = YES;
				CLANG_WARN_STRICT_PROTOTYPES = YES;
				CLANG_WARN_SUSPICIOUS_MOVE = YES;
				CLANG_WARN_UNGUARDED_AVAILABILITY = YES_AGGRESSIVE;
				CLANG_WARN_UNREACHABLE_CODE = YES;
				CLANG_WARN__DUPLICATE_METHOD_MATCH = YES;
				COPY_PHASE_STRIP = NO;
				DEBUG_INFORMATION_FORMAT = "dwarf-with-dsym";
				ENABLE_NS_ASSERTIONS = NO;
				ENABLE_STRICT_OBJC_MSGSEND = YES;
				GCC_C_LANGUAGE_STANDARD = gnu11;
				GCC_NO_COMMON_BLOCKS = YES;
				GCC_WARN_64_TO_32_BIT_CONVERSION = YES;
				GCC_WARN_ABOUT_RETURN_TYPE = YES_ERROR;
				GCC_WARN_UNDECLARED_SELECTOR = YES;
				GCC_WARN_UNINITIALIZED_AUTOS = YES_AGGRESSIVE;
				GCC_WARN_UNUSED_FUNCTION = YES;
				GCC_WARN_UNUSED_VARIABLE = YES;
				IPHONEOS_DEPLOYMENT_TARGET = 13.2;
				MTL_ENABLE_DEBUG_INFO = NO;
				MTL_FAST_MATH = YES;
				SDKROOT = iphoneos;
				SWIFT_COMPILATION_MODE = wholemodule;
				SWIFT_OPTIMIZATION_LEVEL = "-O";
				VALIDATE_PRODUCT = YES;
			};
			name = Release;
		};
		1195B68A23AFF9FD00E5285F /* Debug */ = {
			isa = XCBuildConfiguration;
			buildSettings = {
				ASSETCATALOG_COMPILER_APPICON_NAME = AppIcon;
				CODE_SIGN_STYLE = Automatic;
				DEVELOPMENT_TEAM = 2V5RR74KMQ;
				INFOPLIST_FILE = "$(SRCROOT)/AnimatedAnimals/Common/Resources/Info.plist";
				LD_RUNPATH_SEARCH_PATHS = (
					"$(inherited)",
					"@executable_path/Frameworks",
				);
				PRODUCT_BUNDLE_IDENTIFIER = com.rost.AnimatedAnimals;
				PRODUCT_NAME = "$(TARGET_NAME)";
				SWIFT_VERSION = 5.0;
				TARGETED_DEVICE_FAMILY = 1;
			};
			name = Debug;
		};
		1195B68B23AFF9FD00E5285F /* Release */ = {
			isa = XCBuildConfiguration;
			buildSettings = {
				ASSETCATALOG_COMPILER_APPICON_NAME = AppIcon;
				CODE_SIGN_STYLE = Automatic;
				DEVELOPMENT_TEAM = 2V5RR74KMQ;
				INFOPLIST_FILE = "$(SRCROOT)/AnimatedAnimals/Common/Resources/Info.plist";
				LD_RUNPATH_SEARCH_PATHS = (
					"$(inherited)",
					"@executable_path/Frameworks",
				);
				PRODUCT_BUNDLE_IDENTIFIER = com.rost.AnimatedAnimals;
				PRODUCT_NAME = "$(TARGET_NAME)";
				SWIFT_VERSION = 5.0;
				TARGETED_DEVICE_FAMILY = 1;
			};
			name = Release;
		};
		1195B68D23AFF9FD00E5285F /* Debug */ = {
			isa = XCBuildConfiguration;
			buildSettings = {
				ALWAYS_EMBED_SWIFT_STANDARD_LIBRARIES = YES;
				BUNDLE_LOADER = "$(TEST_HOST)";
				CODE_SIGN_STYLE = Automatic;
				INFOPLIST_FILE = AnimatedAnimalsTests/Info.plist;
				IPHONEOS_DEPLOYMENT_TARGET = 13.2;
				LD_RUNPATH_SEARCH_PATHS = (
					"$(inherited)",
					"@executable_path/Frameworks",
					"@loader_path/Frameworks",
				);
				PRODUCT_BUNDLE_IDENTIFIER = com.rost.AnimatedAnimalsTests;
				PRODUCT_NAME = "$(TARGET_NAME)";
				SWIFT_VERSION = 5.0;
				TARGETED_DEVICE_FAMILY = "1,2";
				TEST_HOST = "$(BUILT_PRODUCTS_DIR)/AnimatedAnimals.app/AnimatedAnimals";
			};
			name = Debug;
		};
		1195B68E23AFF9FD00E5285F /* Release */ = {
			isa = XCBuildConfiguration;
			buildSettings = {
				ALWAYS_EMBED_SWIFT_STANDARD_LIBRARIES = YES;
				BUNDLE_LOADER = "$(TEST_HOST)";
				CODE_SIGN_STYLE = Automatic;
				INFOPLIST_FILE = AnimatedAnimalsTests/Info.plist;
				IPHONEOS_DEPLOYMENT_TARGET = 13.2;
				LD_RUNPATH_SEARCH_PATHS = (
					"$(inherited)",
					"@executable_path/Frameworks",
					"@loader_path/Frameworks",
				);
				PRODUCT_BUNDLE_IDENTIFIER = com.rost.AnimatedAnimalsTests;
				PRODUCT_NAME = "$(TARGET_NAME)";
				SWIFT_VERSION = 5.0;
				TARGETED_DEVICE_FAMILY = "1,2";
				TEST_HOST = "$(BUILT_PRODUCTS_DIR)/AnimatedAnimals.app/AnimatedAnimals";
			};
			name = Release;
		};
/* End XCBuildConfiguration section */

/* Begin XCConfigurationList section */
		1195B66523AFF9F800E5285F /* Build configuration list for PBXProject "AnimatedAnimals" */ = {
			isa = XCConfigurationList;
			buildConfigurations = (
				1195B68723AFF9FD00E5285F /* Debug */,
				1195B68823AFF9FD00E5285F /* Release */,
			);
			defaultConfigurationIsVisible = 0;
			defaultConfigurationName = Release;
		};
		1195B68923AFF9FD00E5285F /* Build configuration list for PBXNativeTarget "AnimatedAnimals" */ = {
			isa = XCConfigurationList;
			buildConfigurations = (
				1195B68A23AFF9FD00E5285F /* Debug */,
				1195B68B23AFF9FD00E5285F /* Release */,
			);
			defaultConfigurationIsVisible = 0;
			defaultConfigurationName = Release;
		};
		1195B68C23AFF9FD00E5285F /* Build configuration list for PBXNativeTarget "AnimatedAnimalsTests" */ = {
			isa = XCConfigurationList;
			buildConfigurations = (
				1195B68D23AFF9FD00E5285F /* Debug */,
				1195B68E23AFF9FD00E5285F /* Release */,
			);
			defaultConfigurationIsVisible = 0;
			defaultConfigurationName = Release;
		};
/* End XCConfigurationList section */
	};
	rootObject = 1195B66223AFF9F800E5285F /* Project object */;
}
